
Microsoft Visual Studio Solution File, Format Version 12.00
# Visual Studio Version 16
VisualStudioVersion = 16.0.31624.102
MinimumVisualStudioVersion = 10.0.40219.1
Project("{FAE04EC0-301F-11D3-BF4B-00C04F79EFBC}") = "ImagePractice.Android", "ImagePractice\ImagePractice.Android\ImagePractice.Android.csproj", "{35504AA0-075B-412B-98CB-1CD7F27B3715}"
EndProject
Project("{FAE04EC0-301F-11D3-BF4B-00C04F79EFBC}") = "ImagePractice.iOS", "ImagePractice\ImagePractice.iOS\ImagePractice.iOS.csproj", "{34F6B1A7-DE8D-4E24-88B8-DB65FFD6FDFF}"
EndProject
Project("{FAE04EC0-301F-11D3-BF4B-00C04F79EFBC}") = "ImagePractice", "ImagePractice\ImagePractice\ImagePractice.csproj", "{887195FB-2E9C-43AE-A2C7-066A3CE96E53}"
EndProject
Global
	GlobalSection(SolutionConfigurationPlatforms) = preSolution
		Debug|Any CPU = Debug|Any CPU
		Debug|iPhone = Debug|iPhone
		Debug|iPhoneSimulator = Debug|iPhoneSimulator
		Release|Any CPU = Release|Any CPU
		Release|iPhone = Release|iPhone
		Release|iPhoneSimulator = Release|iPhoneSimulator
	EndGlobalSection
	GlobalSection(ProjectConfigurationPlatforms) = postSolution
		{35504AA0-075B-412B-98CB-1CD7F27B3715}.Debug|Any CPU.ActiveCfg = Debug|Any CPU
		{35504AA0-075B-412B-98CB-1CD7F27B3715}.Debug|Any CPU.Build.0 = Debug|Any CPU
		{35504AA0-075B-412B-98CB-1CD7F27B3715}.Debug|Any CPU.Deploy.0 = Debug|Any CPU
		{35504AA0-075B-412B-98CB-1CD7F27B3715}.Debug|iPhone.ActiveCfg = Debug|Any CPU
		{35504AA0-075B-412B-98CB-1CD7F27B3715}.Debug|iPhone.Build.0 = Debug|Any CPU
		{35504AA0-075B-412B-98CB-1CD7F27B3715}.Debug|iPhone.Deploy.0 = Debug|Any CPU
		{35504AA0-075B-412B-98CB-1CD7F27B3715}.Debug|iPhoneSimulator.ActiveCfg = Debug|Any CPU
		{35504AA0-075B-412B-98CB-1CD7F27B3715}.Debug|iPhoneSimulator.Build.0 = Debug|Any CPU
		{35504AA0-075B-412B-98CB-1CD7F27B3715}.Debug|iPhoneSimulator.Deploy.0 = Debug|Any CPU
		{35504AA0-075B-412B-98CB-1CD7F27B3715}.Release|Any CPU.ActiveCfg = Release|Any CPU
		{35504AA0-075B-412B-98CB-1CD7F27B3715}.Release|Any CPU.Build.0 = Release|Any CPU
		{35504AA0-075B-412B-98CB-1CD7F27B3715}.Release|Any CPU.Deploy.0 = Release|Any CPU
		{35504AA0-075B-412B-98CB-1CD7F27B3715}.Release|iPhone.ActiveCfg = Release|Any CPU
		{35504AA0-075B-412B-98CB-1CD7F27B3715}.Release|iPhone.Build.0 = Release|Any CPU
		{35504AA0-075B-412B-98CB-1CD7F27B3715}.Release|iPhone.Deploy.0 = Release|Any CPU
		{35504AA0-075B-412B-98CB-1CD7F27B3715}.Release|iPhoneSimulator.ActiveCfg = Release|Any CPU
		{35504AA0-075B-412B-98CB-1CD7F27B3715}.Release|iPhoneSimulator.Build.0 = Release|Any CPU
		{35504AA0-075B-412B-98CB-1CD7F27B3715}.Release|iPhoneSimulator.Deploy.0 = Release|Any CPU
		{34F6B1A7-DE8D-4E24-88B8-DB65FFD6FDFF}.Debug|Any CPU.ActiveCfg = Debug|iPhone
		{34F6B1A7-DE8D-4E24-88B8-DB65FFD6FDFF}.Debug|Any CPU.Build.0 = Debug|iPhone
		{34F6B1A7-DE8D-4E24-88B8-DB65FFD6FDFF}.Debug|Any CPU.Deploy.0 = Debug|iPhone
		{34F6B1A7-DE8D-4E24-88B8-DB65FFD6FDFF}.Debug|iPhone.ActiveCfg = Debug|iPhone
		{34F6B1A7-DE8D-4E24-88B8-DB65FFD6FDFF}.Debug|iPhone.Build.0 = Debug|iPhone
		{34F6B1A7-DE8D-4E24-88B8-DB65FFD6FDFF}.Debug|iPhone.Deploy.0 = Debug|iPhone
		{34F6B1A7-DE8D-4E24-88B8-DB65FFD6FDFF}.Debug|iPhoneSimulator.ActiveCfg = Debug|iPhoneSimulator
		{34F6B1A7-DE8D-4E24-88B8-DB65FFD6FDFF}.Debug|iPhoneSimulator.Build.0 = Debug|iPhoneSimulator
		{34F6B1A7-DE8D-4E24-88B8-DB65FFD6FDFF}.Debug|iPhoneSimulator.Deploy.0 = Debug|iPhoneSimulator
		{34F6B1A7-DE8D-4E24-88B8-DB65FFD6FDFF}.Release|Any CPU.ActiveCfg = Release|iPhoneSimulator
		{34F6B1A7-DE8D-4E24-88B8-DB65FFD6FDFF}.Release|Any CPU.Build.0 = Release|iPhoneSimulator
		{34F6B1A7-DE8D-4E24-88B8-DB65FFD6FDFF}.Release|Any CPU.Deploy.0 = Release|iPhoneSimulator
		{34F6B1A7-DE8D-4E24-88B8-DB65FFD6FDFF}.Release|iPhone.ActiveCfg = Release|iPhone
		{34F6B1A7-DE8D-4E24-88B8-DB65FFD6FDFF}.Release|iPhone.Build.0 = Release|iPhone
		{34F6B1A7-DE8D-4E24-88B8-DB65FFD6FDFF}.Release|iPhone.Deploy.0 = Release|iPhone
		{34F6B1A7-DE8D-4E24-88B8-DB65FFD6FDFF}.Release|iPhoneSimulator.ActiveCfg = Release|iPhoneSimulator
		{34F6B1A7-DE8D-4E24-88B8-DB65FFD6FDFF}.Release|iPhoneSimulator.Build.0 = Release|iPhoneSimulator
		{34F6B1A7-DE8D-4E24-88B8-DB65FFD6FDFF}.Release|iPhoneSimulator.Deploy.0 = Release|iPhoneSimulator
		{887195FB-2E9C-43AE-A2C7-066A3CE96E53}.Debug|Any CPU.ActiveCfg = Debug|Any CPU
		{887195FB-2E9C-43AE-A2C7-066A3CE96E53}.Debug|Any CPU.Build.0 = Debug|Any CPU
		{887195FB-2E9C-43AE-A2C7-066A3CE96E53}.Debug|Any CPU.Deploy.0 = Debug|Any CPU
		{887195FB-2E9C-43AE-A2C7-066A3CE96E53}.Debug|iPhone.ActiveCfg = Debug|Any CPU
		{887195FB-2E9C-43AE-A2C7-066A3CE96E53}.Debug|iPhone.Build.0 = Debug|Any CPU
		{887195FB-2E9C-43AE-A2C7-066A3CE96E53}.Debug|iPhone.Deploy.0 = Debug|Any CPU
		{887195FB-2E9C-43AE-A2C7-066A3CE96E53}.Debug|iPhoneSimulator.ActiveCfg = Debug|Any CPU
		{887195FB-2E9C-43AE-A2C7-066A3CE96E53}.Debug|iPhoneSimulator.Build.0 = Debug|Any CPU
		{887195FB-2E9C-43AE-A2C7-066A3CE96E53}.Debug|iPhoneSimulator.Deploy.0 = Debug|Any CPU
		{887195FB-2E9C-43AE-A2C7-066A3CE96E53}.Release|Any CPU.ActiveCfg = Release|Any CPU
		{887195FB-2E9C-43AE-A2C7-066A3CE96E53}.Release|Any CPU.Build.0 = Release|Any CPU
		{887195FB-2E9C-43AE-A2C7-066A3CE96E53}.Release|Any CPU.Deploy.0 = Release|Any CPU
		{887195FB-2E9C-43AE-A2C7-066A3CE96E53}.Release|iPhone.ActiveCfg = Release|Any CPU
		{887195FB-2E9C-43AE-A2C7-066A3CE96E53}.Release|iPhone.Build.0 = Release|Any CPU
		{887195FB-2E9C-43AE-A2C7-066A3CE96E53}.Release|iPhone.Deploy.0 = Release|Any CPU
		{887195FB-2E9C-43AE-A2C7-066A3CE96E53}.Release|iPhoneSimulator.ActiveCfg = Release|Any CPU
		{887195FB-2E9C-43AE-A2C7-066A3CE96E53}.Release|iPhoneSimulator.Build.0 = Release|Any CPU
		{887195FB-2E9C-43AE-A2C7-066A3CE96E53}.Release|iPhoneSimulator.Deploy.0 = Release|Any CPU
	EndGlobalSection
	GlobalSection(SolutionProperties) = preSolution
		HideSolutionNode = FALSE
	EndGlobalSection
	GlobalSection(ExtensibilityGlobals) = postSolution
		SolutionGuid = {4C612C33-6811-46DB-A678-C045F6A7D98B}
	EndGlobalSection
EndGlobal
